
Microsoft Visual Studio Solution File, Format Version 12.00
# Visual Studio Version 17
VisualStudioVersion = 17.3.32929.385
MinimumVisualStudioVersion = 10.0.40219.1
Project("{FAE04EC0-301F-11D3-BF4B-00C04F79EFBC}") = "ReactCrudApp", "ReactCrudApp\ReactCrudApp.csproj", "{A9AC3971-D2F5-4D92-A26F-9A1AE90587D4}"
EndProject
Global
	GlobalSection(SolutionConfigurationPlatforms) = preSolution
		Debug|Any CPU = Debug|Any CPU
		Release|Any CPU = Release|Any CPU
	EndGlobalSection
	GlobalSection(ProjectConfigurationPlatforms) = postSolution
		{A9AC3971-D2F5-4D92-A26F-9A1AE90587D4}.Debug|Any CPU.ActiveCfg = Debug|Any CPU
		{A9AC3971-D2F5-4D92-A26F-9A1AE90587D4}.Debug|Any CPU.Build.0 = Debug|Any CPU
		{A9AC3971-D2F5-4D92-A26F-9A1AE90587D4}.Release|Any CPU.ActiveCfg = Release|Any CPU
		{A9AC3971-D2F5-4D92-A26F-9A1AE90587D4}.Release|Any CPU.Build.0 = Release|Any CPU
	EndGlobalSection
	GlobalSection(SolutionProperties) = preSolution
		HideSolutionNode = FALSE
	EndGlobalSection
	GlobalSection(ExtensibilityGlobals) = postSolution
		SolutionGuid = {33F15576-AC82-4276-85F5-C0D3DF303863}
	EndGlobalSection
EndGlobal
